// !$*UTF8*$!
{
	archiveVersion = 1;
	classes = {
	};
	objectVersion = 50;
	objects = {

/* Begin PBXBuildFile section */
		F61DB35B21C1A5D7008B23BF /* AppDelegate.swift in Sources */ = {isa = PBXBuildFile; fileRef = F61DB35A21C1A5D7008B23BF /* AppDelegate.swift */; };
		F61DB35D21C1A5D7008B23BF /* ViewController.swift in Sources */ = {isa = PBXBuildFile; fileRef = F61DB35C21C1A5D7008B23BF /* ViewController.swift */; };
		F61DB36021C1A5D7008B23BF /* Main.storyboard in Resources */ = {isa = PBXBuildFile; fileRef = F61DB35E21C1A5D7008B23BF /* Main.storyboard */; };
		F61DB36221C1A5D7008B23BF /* Assets.xcassets in Resources */ = {isa = PBXBuildFile; fileRef = F61DB36121C1A5D7008B23BF /* Assets.xcassets */; };
		F61DB36521C1A5D7008B23BF /* LaunchScreen.storyboard in Resources */ = {isa = PBXBuildFile; fileRef = F61DB36321C1A5D7008B23BF /* LaunchScreen.storyboard */; };
/* End PBXBuildFile section */

/* Begin PBXFileReference section */
		F61DB35721C1A5D7008B23BF /* Final Sem 1 App.app */ = {isa = PBXFileReference; explicitFileType = wrapper.application; includeInIndex = 0; path = "Final Sem 1 App.app"; sourceTree = BUILT_PRODUCTS_DIR; };
		F61DB35A21C1A5D7008B23BF /* AppDelegate.swift */ = {isa = PBXFileReference; lastKnownFileType = sourcecode.swift; path = AppDelegate.swift; sourceTree = "<group>"; };
		F61DB35C21C1A5D7008B23BF /* ViewController.swift */ = {isa = PBXFileReference; lastKnownFileType = sourcecode.swift; path = ViewController.swift; sourceTree = "<group>"; };
		F61DB35F21C1A5D7008B23BF /* Base */ = {isa = PBXFileReference; lastKnownFileType = file.storyboard; name = Base; path = Base.lproj/Main.storyboard; sourceTree = "<group>"; };
		F61DB36121C1A5D7008B23BF /* Assets.xcassets */ = {isa = PBXFileReference; lastKnownFileType = folder.assetcatalog; path = Assets.xcassets; sourceTree = "<group>"; };
		F61DB36421C1A5D7008B23BF /* Base */ = {isa = PBXFileReference; lastKnownFileType = file.storyboard; name = Base; path = Base.lproj/LaunchScreen.storyboard; sourceTree = "<group>"; };
		F61DB36621C1A5D7008B23BF /* Info.plist */ = {isa = PBXFileReference; lastKnownFileType = text.plist.xml; path = Info.plist; sourceTree = "<group>"; };
/* End PBXFileReference section */

/* Begin PBXFrameworksBuildPhase section */
		F61DB35421C1A5D7008B23BF /* Frameworks */ = {
			isa = PBXFrameworksBuildPhase;
			buildActionMask = 2147483647;
			files = (
			);
			runOnlyForDeploymentPostprocessing = 0;
		};
/* End PBXFrameworksBuildPhase section */

/* Begin PBXGroup section */
		F61DB34E21C1A5D7008B23BF = {
			isa = PBXGroup;
			children = (
				F61DB35921C1A5D7008B23BF /* Final Sem 1 App */,
				F61DB35821C1A5D7008B23BF /* Products */,
			);
			sourceTree = "<group>";
		};
		F61DB35821C1A5D7008B23BF /* Products */ = {
			isa = PBXGroup;
			children = (
				F61DB35721C1A5D7008B23BF /* Final Sem 1 App.app */,
			);
			name = Products;
			sourceTree = "<group>";
		};
		F61DB35921C1A5D7008B23BF /* Final Sem 1 App */ = {
			isa = PBXGroup;
			children = (
				F61DB35A21C1A5D7008B23BF /* AppDelegate.swift */,
				F61DB35C21C1A5D7008B23BF /* ViewController.swift */,
				F61DB35E21C1A5D7008B23BF /* Main.storyboard */,
				F61DB36121C1A5D7008B23BF /* Assets.xcassets */,
				F61DB36321C1A5D7008B23BF /* LaunchScreen.storyboard */,
				F61DB36621C1A5D7008B23BF /* Info.plist */,
			);
			path = "Final Sem 1 App";
			sourceTree = "<group>";
		};
/* End PBXGroup section */

/* Begin PBXNativeTarget section */
		F61DB35621C1A5D7008B23BF /* Final Sem 1 App */ = {
			isa = PBXNativeTarget;
			buildConfigurationList = F61DB36921C1A5D7008B23BF /* Build configuration list for PBXNativeTarget "Final Sem 1 App" */;
			buildPhases = (
				F61DB35321C1A5D7008B23BF /* Sources */,
				F61DB35421C1A5D7008B23BF /* Frameworks */,
				F61DB35521C1A5D7008B23BF /* Resources */,
			);
			buildRules = (
			);
			dependencies = (
			);
			name = "Final Sem 1 App";
			productName = "Final Sem 1 App";
			productReference = F61DB35721C1A5D7008B23BF /* Final Sem 1 App.app */;
			productType = "com.apple.product-type.application";
		};
/* End PBXNativeTarget section */

/* Begin PBXProject section */
		F61DB34F21C1A5D7008B23BF /* Project object */ = {
			isa = PBXProject;
			attributes = {
				LastSwiftUpdateCheck = 1010;
				LastUpgradeCheck = 1010;
				ORGANIZATIONNAME = "Brandon Kim";
				TargetAttributes = {
					F61DB35621C1A5D7008B23BF = {
						CreatedOnToolsVersion = 10.1;
					};
				};
			};
			buildConfigurationList = F61DB35221C1A5D7008B23BF /* Build configuration list for PBXProject "Final Sem 1 App" */;
			compatibilityVersion = "Xcode 9.3";
			developmentRegion = en;
			hasScannedForEncodings = 0;
			knownRegions = (
				en,
				Base,
			);
			mainGroup = F61DB34E21C1A5D7008B23BF;
			productRefGroup = F61DB35821C1A5D7008B23BF /* Products */;
			projectDirPath = "";
			projectRoot = "";
			targets = (
				F61DB35621C1A5D7008B23BF /* Final Sem 1 App */,
			);
		};
/* End PBXProject section */

/* Begin PBXResourcesBuildPhase section */
		F61DB35521C1A5D7008B23BF /* Resources */ = {
			isa = PBXResourcesBuildPhase;
			buildActionMask = 2147483647;
			files = (
				F61DB36521C1A5D7008B23BF /* LaunchScreen.storyboard in Resources */,
				F61DB36221C1A5D7008B23BF /* Assets.xcassets in Resources */,
				F61DB36021C1A5D7008B23BF /* Main.storyboard in Resources */,
			);
			runOnlyForDeploymentPostprocessing = 0;
		};
/* End PBXResourcesBuildPhase section */

/* Begin PBXSourcesBuildPhase section */
		F61DB35321C1A5D7008B23BF /* Sources */ = {
			isa = PBXSourcesBuildPhase;
			buildActionMask = 2147483647;
			files = (
				F61DB35D21C1A5D7008B23BF /* ViewController.swift in Sources */,
				F61DB35B21C1A5D7008B23BF /* AppDelegate.swift in Sources */,
			);
			runOnlyForDeploymentPostprocessing = 0;
		};
/* End PBXSourcesBuildPhase section */

/* Begin PBXVariantGroup section */
		F61DB35E21C1A5D7008B23BF /* Main.storyboard */ = {
			isa = PBXVariantGroup;
			children = (
				F61DB35F21C1A5D7008B23BF /* Base */,
			);
			name = Main.storyboard;
			sourceTree = "<group>";
		};
		F61DB36321C1A5D7008B23BF /* LaunchScreen.storyboard */ = {
			isa = PBXVariantGroup;
			children = (
				F61DB36421C1A5D7008B23BF /* Base */,
			);
			name = LaunchScreen.storyboard;
			sourceTree = "<group>";
		};
/* End PBXVariantGroup section */

/* Begin XCBuildConfiguration section */
		F61DB36721C1A5D7008B23BF /* Debug */ = {
			isa = XCBuildConfiguration;
			buildSettings = {
				ALWAYS_SEARCH_USER_PATHS = NO;
				CLANG_ANALYZER_NONNULL = YES;
				CLANG_ANALYZER_NUMBER_OBJECT_CONVERSION = YES_AGGRESSIVE;
				CLANG_CXX_LANGUAGE_STANDARD = "gnu++14";
				CLANG_CXX_LIBRARY = "libc++";
				CLANG_ENABLE_MODULES = YES;
				CLANG_ENABLE_OBJC_ARC = YES;
				CLANG_ENABLE_OBJC_WEAK = YES;
				CLANG_WARN_BLOCK_CAPTURE_AUTORELEASING = YES;
				CLANG_WARN_BOOL_CONVERSION = YES;
				CLANG_WARN_COMMA = YES;
				CLANG_WARN_CONSTANT_CONVERSION = YES;
				CLANG_WARN_DEPRECATED_OBJC_IMPLEMENTATIONS = YES;
				CLANG_WARN_DIRECT_OBJC_ISA_USAGE = YES_ERROR;
				CLANG_WARN_DOCUMENTATION_COMMENTS = YES;
				CLANG_WARN_EMPTY_BODY = YES;
				CLANG_WARN_ENUM_CONVERSION = YES;
				CLANG_WARN_INFINITE_RECURSION = YES;
				CLANG_WARN_INT_CONVERSION = YES;
				CLANG_WARN_NON_LITERAL_NULL_CONVERSION = YES;
				CLANG_WARN_OBJC_IMPLICIT_RETAIN_SELF = YES;
				CLANG_WARN_OBJC_LITERAL_CONVERSION = YES;
				CLANG_WARN_OBJC_ROOT_CLASS = YES_ERROR;
				CLANG_WARN_RANGE_LOOP_ANALYSIS = YES;
				CLANG_WARN_STRICT_PROTOTYPES = YES;
				CLANG_WARN_SUSPICIOUS_MOVE = YES;
				CLANG_WARN_UNGUARDED_AVAILABILITY = YES_AGGRESSIVE;
				CLANG_WARN_UNREACHABLE_CODE = YES;
				CLANG_WARN__DUPLICATE_METHOD_MATCH = YES;
				CODE_SIGN_IDENTITY = "iPhone Developer";
				COPY_PHASE_STRIP = NO;
				DEBUG_INFORMATION_FORMAT = dwarf;
				ENABLE_STRICT_OBJC_MSGSEND = YES;
				ENABLE_TESTABILITY = YES;
				GCC_C_LANGUAGE_STANDARD = gnu11;
				GCC_DYNAMIC_NO_PIC = NO;
				GCC_NO_COMMON_BLOCKS = YES;
				GCC_OPTIMIZATION_LEVEL = 0;
				GCC_PREPROCESSOR_DEFINITIONS = (
					"DEBUG=1",
					"$(inherited)",
				);
				GCC_WARN_64_TO_32_BIT_CONVERSION = YES;
				GCC_WARN_ABOUT_RETURN_TYPE = YES_ERROR;
				GCC_WARN_UNDECLARED_SELECTOR = YES;
				GCC_WARN_UNINITIALIZED_AUTOS = YES_AGGRESSIVE;
				GCC_WARN_UNUSED_FUNCTION = YES;
				GCC_WARN_UNUSED_VARIABLE = YES;
				IPHONEOS_DEPLOYMENT_TARGET = 12.1;
				MTL_ENABLE_DEBUG_INFO = INCLUDE_SOURCE;
				MTL_FAST_MATH = YES;
				ONLY_ACTIVE_ARCH = YES;
				SDKROOT = iphoneos;
				SWIFT_ACTIVE_COMPILATION_CONDITIONS = DEBUG;
				SWIFT_OPTIMIZATION_LEVEL = "-Onone";
			};
			name = Debug;
		};
		F61DB36821C1A5D7008B23BF /* Release */ = {
			isa = XCBuildConfiguration;
			buildSettings = {
				ALWAYS_SEARCH_USER_PATHS = NO;
				CLANG_ANALYZER_NONNULL = YES;
				CLANG_ANALYZER_NUMBER_OBJECT_CONVERSION = YES_AGGRESSIVE;
				CLANG_CXX_LANGUAGE_STANDARD = "gnu++14";
				CLANG_CXX_LIBRARY = "libc++";
				CLANG_ENABLE_MODULES = YES;
				CLANG_ENABLE_OBJC_ARC = YES;
				CLANG_ENABLE_OBJC_WEAK = YES;
				CLANG_WARN_BLOCK_CAPTURE_AUTORELEASING = YES;
				CLANG_WARN_BOOL_CONVERSION = YES;
				CLANG_WARN_COMMA = YES;
				CLANG_WARN_CONSTANT_CONVERSION = YES;
				CLANG_WARN_DEPRECATED_OBJC_IMPLEMENTATIONS = YES;
				CLANG_WARN_DIRECT_OBJC_ISA_USAGE = YES_ERROR;
				CLANG_WARN_DOCUMENTATION_COMMENTS = YES;
				CLANG_WARN_EMPTY_BODY = YES;
				CLANG_WARN_ENUM_CONVERSION = YES;
				CLANG_WARN_INFINITE_RECURSION = YES;
				CLANG_WARN_INT_CONVERSION = YES;
				CLANG_WARN_NON_LITERAL_NULL_CONVERSION = YES;
				CLANG_WARN_OBJC_IMPLICIT_RETAIN_SELF = YES;
				CLANG_WARN_OBJC_LITERAL_CONVERSION = YES;
				CLANG_WARN_OBJC_ROOT_CLASS = YES_ERROR;
				CLANG_WARN_RANGE_LOOP_ANALYSIS = YES;
				CLANG_WARN_STRICT_PROTOTYPES = YES;
				CLANG_WARN_SUSPICIOUS_MOVE = YES;
				CLANG_WARN_UNGUARDED_AVAILABILITY = YES_AGGRESSIVE;
				CLANG_WARN_UNREACHABLE_CODE = YES;
				CLANG_WARN__DUPLICATE_METHOD_MATCH = YES;
				CODE_SIGN_IDENTITY = "iPhone Developer";
				COPY_PHASE_STRIP = NO;
				DEBUG_INFORMATION_FORMAT = "dwarf-with-dsym";
				ENABLE_NS_ASSERTIONS = NO;
				ENABLE_STRICT_OBJC_MSGSEND = YES;
				GCC_C_LANGUAGE_STANDARD = gnu11;
				GCC_NO_COMMON_BLOCKS = YES;
				GCC_WARN_64_TO_32_BIT_CONVERSION = YES;
				GCC_WARN_ABOUT_RETURN_TYPE = YES_ERROR;
				GCC_WARN_UNDECLARED_SELECTOR = YES;
				GCC_WARN_UNINITIALIZED_AUTOS = YES_AGGRESSIVE;
				GCC_WARN_UNUSED_FUNCTION = YES;
				GCC_WARN_UNUSED_VARIABLE = YES;
				IPHONEOS_DEPLOYMENT_TARGET = 12.1;
				MTL_ENABLE_DEBUG_INFO = NO;
				MTL_FAST_MATH = YES;
				SDKROOT = iphoneos;
				SWIFT_COMPILATION_MODE = wholemodule;
				SWIFT_OPTIMIZATION_LEVEL = "-O";
				VALIDATE_PRODUCT = YES;
			};
			name = Release;
		};
		F61DB36A21C1A5D7008B23BF /* Debug */ = {
			isa = XCBuildConfiguration;
			buildSettings = {
				ASSETCATALOG_COMPILER_APPICON_NAME = AppIcon;
				CODE_SIGN_STYLE = Automatic;
				INFOPLIST_FILE = "Final Sem 1 App/Info.plist";
				LD_RUNPATH_SEARCH_PATHS = (
					"$(inherited)",
					"@executable_path/Frameworks",
				);
				PRODUCT_BUNDLE_IDENTIFIER = "org.d214.jhhs.822192.Final-Sem-1-App";
				PRODUCT_NAME = "$(TARGET_NAME)";
				SWIFT_VERSION = 4.2;
				TARGETED_DEVICE_FAMILY = "1,2";
			};
			name = Debug;
		};
		F61DB36B21C1A5D7008B23BF /* Release */ = {
			isa = XCBuildConfiguration;
			buildSettings = {
				ASSETCATALOG_COMPILER_APPICON_NAME = AppIcon;
				CODE_SIGN_STYLE = Automatic;
				INFOPLIST_FILE = "Final Sem 1 App/Info.plist";
				LD_RUNPATH_SEARCH_PATHS = (
					"$(inherited)",
					"@executable_path/Frameworks",
				);
				PRODUCT_BUNDLE_IDENTIFIER = "org.d214.jhhs.822192.Final-Sem-1-App";
				PRODUCT_NAME = "$(TARGET_NAME)";
				SWIFT_VERSION = 4.2;
				TARGETED_DEVICE_FAMILY = "1,2";
			};
			name = Release;
		};
/* End XCBuildConfiguration section */

/* Begin XCConfigurationList section */
		F61DB35221C1A5D7008B23BF /* Build configuration list for PBXProject "Final Sem 1 App" */ = {
			isa = XCConfigurationList;
			buildConfigurations = (
				F61DB36721C1A5D7008B23BF /* Debug */,
				F61DB36821C1A5D7008B23BF /* Release */,
			);
			defaultConfigurationIsVisible = 0;
			defaultConfigurationName = Release;
		};
		F61DB36921C1A5D7008B23BF /* Build configuration list for PBXNativeTarget "Final Sem 1 App" */ = {
			isa = XCConfigurationList;
			buildConfigurations = (
				F61DB36A21C1A5D7008B23BF /* Debug */,
				F61DB36B21C1A5D7008B23BF /* Release */,
			);
			defaultConfigurationIsVisible = 0;
			defaultConfigurationName = Release;
		};
/* End XCConfigurationList section */
	};
	rootObject = F61DB34F21C1A5D7008B23BF /* Project object */;
}
